github.com/adityatelange/hugo-PaperMod v0.0.0-20240621184713-9ea3bb0e1f3a h1:y7opcJjy8jMqSUsbV4pIaQOhn4PhzfWn7p9VdMnpKT0=
github.com/adityatelange/hugo-PaperMod v0.0.0-20240621184713-9ea3bb0e1f3a/go.mod h1:HCHxNMKYdGafUYjVV3ICiAqznZK2yH0iI53jqcDFDdQ=
github.com/adityatelange/hugo-PaperMod v0.0.0-20240915081152-a2eb47bb4b80 h1:IfLPokx2zpHroEDwNUXsXTxiG93dg/nc86djmWXS4SM=
github.com/adityatelange/hugo-PaperMod v0.0.0-20240915081152-a2eb47bb4b80/go.mod h1:HCHxNMKYdGafUYjVV3ICiAqznZK2yH0iI53jqcDFDdQ=
github.com/adityatelange/hugo-PaperMod v0.0.0-20250414174424-149f12cea7da h1:v2FaJ1sA4Rt3p3T2zu8qXfapgxEXTZKzIdvf5I9ogr4=
github.com/adityatelange/hugo-PaperMod v0.0.0-20250414174424-149f12cea7da/go.mod h1:HCHxNMKYdGafUYjVV3ICiAqznZK2yH0iI53jqcDFDdQ=
